
Microsoft Visual Studio Solution File, Format Version 12.00
# Visual Studio 14
VisualStudioVersion = 14.0.25420.1
MinimumVisualStudioVersion = 10.0.40219.1
Project("{FAE04EC0-301F-11D3-BF4B-00C04F79EFBC}") = "Ejercicios", "Ejercicios\Ejercicios.csproj", "{E94C830B-A928-4B10-8A3A-25C3BC54493E}"
EndProject
Project("{FAE04EC0-301F-11D3-BF4B-00C04F79EFBC}") = "ejer2", "ejer2\ejer2.csproj", "{B4639635-F02F-4E48-B808-9ECA29F1B114}"
EndProject
Project("{FAE04EC0-301F-11D3-BF4B-00C04F79EFBC}") = "Ejemplo", "Ejemplo\Ejemplo.csproj", "{2D602B20-1B78-4FAA-896C-8F2DD78D951D}"
EndProject
Project("{FAE04EC0-301F-11D3-BF4B-00C04F79EFBC}") = "Ejer3", "Ejer3\Ejer3.csproj", "{87606A83-7E12-45EA-A96C-00B6E0466989}"
EndProject
Project("{FAE04EC0-301F-11D3-BF4B-00C04F79EFBC}") = "ejer4", "ejer4\ejer4.csproj", "{3B5021DF-804D-4502-8739-A92F852FC405}"
EndProject
Project("{FAE04EC0-301F-11D3-BF4B-00C04F79EFBC}") = "ConsoleApplication1", "ConsoleApplication1\ConsoleApplication1.csproj", "{E40D26AA-D1F2-4E55-A29C-B7207D96FE5E}"
EndProject
Project("{FAE04EC0-301F-11D3-BF4B-00C04F79EFBC}") = "Ejer6", "Ejer6\Ejer6.csproj", "{AA794029-AFA7-40DE-83DB-800D2D2E4680}"
EndProject
Project("{FAE04EC0-301F-11D3-BF4B-00C04F79EFBC}") = "Ejer7", "Ejer7\Ejer7.csproj", "{9D00D5C1-1644-4441-9036-D3540514D088}"
EndProject
Project("{FAE04EC0-301F-11D3-BF4B-00C04F79EFBC}") = "ejer8", "ejer8\ejer8.csproj", "{D5E956E5-3F48-4F6A-A3DE-9B6700567F13}"
EndProject
Project("{FAE04EC0-301F-11D3-BF4B-00C04F79EFBC}") = "ejer9", "ejer9\ejer9.csproj", "{DE37A6E2-763F-40D9-9C85-A642E0A6DB49}"
EndProject
Project("{FAE04EC0-301F-11D3-BF4B-00C04F79EFBC}") = "ejer10", "ejer10\ejer10.csproj", "{EE1E32EC-D38B-44F8-A60C-9121FDE3220D}"
EndProject
Project("{FAE04EC0-301F-11D3-BF4B-00C04F79EFBC}") = "ejercicio11", "ejercicio11\ejercicio11.csproj", "{15EEF09A-DB90-4502-9DDD-F1698F4367D6}"
EndProject
Project("{FAE04EC0-301F-11D3-BF4B-00C04F79EFBC}") = "ejercicio12", "ejercicio12\ejercicio12.csproj", "{777ACD94-D190-421A-8F13-66999A2F5C21}"
EndProject
Project("{FAE04EC0-301F-11D3-BF4B-00C04F79EFBC}") = "ejercicio13", "ejercicio13\ejercicio13.csproj", "{19A55CE8-60BA-465C-B12A-A4A4B7DAFC31}"
EndProject
Project("{FAE04EC0-301F-11D3-BF4B-00C04F79EFBC}") = "ejercicio14", "ejercicio14\ejercicio14.csproj", "{276C8244-4E9E-4A9B-B665-AB5F03C2B5C8}"
EndProject
Project("{FAE04EC0-301F-11D3-BF4B-00C04F79EFBC}") = "ejercicio15", "ejercicio15\ejercicio15.csproj", "{5CF57A6A-C82D-4D1D-92A8-4F512C3602BE}"
EndProject
Project("{FAE04EC0-301F-11D3-BF4B-00C04F79EFBC}") = "Ejercicio16", "Ejercicio16\Ejercicio16.csproj", "{58BF18FA-7463-48A9-AA6F-4FC0A30C37CF}"
EndProject
Project("{FAE04EC0-301F-11D3-BF4B-00C04F79EFBC}") = "ejerlinq1", "ejerlinq1\ejerlinq1.csproj", "{FDA2A1ED-45D0-4AA6-8B82-572F9FD49629}"
EndProject
Global
	GlobalSection(SolutionConfigurationPlatforms) = preSolution
		Debug|Any CPU = Debug|Any CPU
		Release|Any CPU = Release|Any CPU
	EndGlobalSection
	GlobalSection(ProjectConfigurationPlatforms) = postSolution
		{E94C830B-A928-4B10-8A3A-25C3BC54493E}.Debug|Any CPU.ActiveCfg = Debug|Any CPU
		{E94C830B-A928-4B10-8A3A-25C3BC54493E}.Debug|Any CPU.Build.0 = Debug|Any CPU
		{E94C830B-A928-4B10-8A3A-25C3BC54493E}.Release|Any CPU.ActiveCfg = Release|Any CPU
		{E94C830B-A928-4B10-8A3A-25C3BC54493E}.Release|Any CPU.Build.0 = Release|Any CPU
		{B4639635-F02F-4E48-B808-9ECA29F1B114}.Debug|Any CPU.ActiveCfg = Debug|Any CPU
		{B4639635-F02F-4E48-B808-9ECA29F1B114}.Debug|Any CPU.Build.0 = Debug|Any CPU
		{B4639635-F02F-4E48-B808-9ECA29F1B114}.Release|Any CPU.ActiveCfg = Release|Any CPU
		{B4639635-F02F-4E48-B808-9ECA29F1B114}.Release|Any CPU.Build.0 = Release|Any CPU
		{2D602B20-1B78-4FAA-896C-8F2DD78D951D}.Debug|Any CPU.ActiveCfg = Debug|Any CPU
		{2D602B20-1B78-4FAA-896C-8F2DD78D951D}.Debug|Any CPU.Build.0 = Debug|Any CPU
		{2D602B20-1B78-4FAA-896C-8F2DD78D951D}.Release|Any CPU.ActiveCfg = Release|Any CPU
		{2D602B20-1B78-4FAA-896C-8F2DD78D951D}.Release|Any CPU.Build.0 = Release|Any CPU
		{87606A83-7E12-45EA-A96C-00B6E0466989}.Debug|Any CPU.ActiveCfg = Debug|Any CPU
		{87606A83-7E12-45EA-A96C-00B6E0466989}.Debug|Any CPU.Build.0 = Debug|Any CPU
		{87606A83-7E12-45EA-A96C-00B6E0466989}.Release|Any CPU.ActiveCfg = Release|Any CPU
		{87606A83-7E12-45EA-A96C-00B6E0466989}.Release|Any CPU.Build.0 = Release|Any CPU
		{3B5021DF-804D-4502-8739-A92F852FC405}.Debug|Any CPU.ActiveCfg = Debug|Any CPU
		{3B5021DF-804D-4502-8739-A92F852FC405}.Debug|Any CPU.Build.0 = Debug|Any CPU
		{3B5021DF-804D-4502-8739-A92F852FC405}.Release|Any CPU.ActiveCfg = Release|Any CPU
		{3B5021DF-804D-4502-8739-A92F852FC405}.Release|Any CPU.Build.0 = Release|Any CPU
		{E40D26AA-D1F2-4E55-A29C-B7207D96FE5E}.Debug|Any CPU.ActiveCfg = Debug|Any CPU
		{E40D26AA-D1F2-4E55-A29C-B7207D96FE5E}.Debug|Any CPU.Build.0 = Debug|Any CPU
		{E40D26AA-D1F2-4E55-A29C-B7207D96FE5E}.Release|Any CPU.ActiveCfg = Release|Any CPU
		{E40D26AA-D1F2-4E55-A29C-B7207D96FE5E}.Release|Any CPU.Build.0 = Release|Any CPU
		{AA794029-AFA7-40DE-83DB-800D2D2E4680}.Debug|Any CPU.ActiveCfg = Debug|Any CPU
		{AA794029-AFA7-40DE-83DB-800D2D2E4680}.Debug|Any CPU.Build.0 = Debug|Any CPU
		{AA794029-AFA7-40DE-83DB-800D2D2E4680}.Release|Any CPU.ActiveCfg = Release|Any CPU
		{AA794029-AFA7-40DE-83DB-800D2D2E4680}.Release|Any CPU.Build.0 = Release|Any CPU
		{9D00D5C1-1644-4441-9036-D3540514D088}.Debug|Any CPU.ActiveCfg = Debug|Any CPU
		{9D00D5C1-1644-4441-9036-D3540514D088}.Debug|Any CPU.Build.0 = Debug|Any CPU
		{9D00D5C1-1644-4441-9036-D3540514D088}.Release|Any CPU.ActiveCfg = Release|Any CPU
		{9D00D5C1-1644-4441-9036-D3540514D088}.Release|Any CPU.Build.0 = Release|Any CPU
		{D5E956E5-3F48-4F6A-A3DE-9B6700567F13}.Debug|Any CPU.ActiveCfg = Debug|Any CPU
		{D5E956E5-3F48-4F6A-A3DE-9B6700567F13}.Debug|Any CPU.Build.0 = Debug|Any CPU
		{D5E956E5-3F48-4F6A-A3DE-9B6700567F13}.Release|Any CPU.ActiveCfg = Release|Any CPU
		{D5E956E5-3F48-4F6A-A3DE-9B6700567F13}.Release|Any CPU.Build.0 = Release|Any CPU
		{DE37A6E2-763F-40D9-9C85-A642E0A6DB49}.Debug|Any CPU.ActiveCfg = Debug|Any CPU
		{DE37A6E2-763F-40D9-9C85-A642E0A6DB49}.Debug|Any CPU.Build.0 = Debug|Any CPU
		{DE37A6E2-763F-40D9-9C85-A642E0A6DB49}.Release|Any CPU.ActiveCfg = Release|Any CPU
		{DE37A6E2-763F-40D9-9C85-A642E0A6DB49}.Release|Any CPU.Build.0 = Release|Any CPU
		{EE1E32EC-D38B-44F8-A60C-9121FDE3220D}.Debug|Any CPU.ActiveCfg = Debug|Any CPU
		{EE1E32EC-D38B-44F8-A60C-9121FDE3220D}.Debug|Any CPU.Build.0 = Debug|Any CPU
		{EE1E32EC-D38B-44F8-A60C-9121FDE3220D}.Release|Any CPU.ActiveCfg = Release|Any CPU
		{EE1E32EC-D38B-44F8-A60C-9121FDE3220D}.Release|Any CPU.Build.0 = Release|Any CPU
		{15EEF09A-DB90-4502-9DDD-F1698F4367D6}.Debug|Any CPU.ActiveCfg = Debug|Any CPU
		{15EEF09A-DB90-4502-9DDD-F1698F4367D6}.Debug|Any CPU.Build.0 = Debug|Any CPU
		{15EEF09A-DB90-4502-9DDD-F1698F4367D6}.Release|Any CPU.ActiveCfg = Release|Any CPU
		{15EEF09A-DB90-4502-9DDD-F1698F4367D6}.Release|Any CPU.Build.0 = Release|Any CPU
		{777ACD94-D190-421A-8F13-66999A2F5C21}.Debug|Any CPU.ActiveCfg = Debug|Any CPU
		{777ACD94-D190-421A-8F13-66999A2F5C21}.Debug|Any CPU.Build.0 = Debug|Any CPU
		{777ACD94-D190-421A-8F13-66999A2F5C21}.Release|Any CPU.ActiveCfg = Release|Any CPU
		{777ACD94-D190-421A-8F13-66999A2F5C21}.Release|Any CPU.Build.0 = Release|Any CPU
		{19A55CE8-60BA-465C-B12A-A4A4B7DAFC31}.Debug|Any CPU.ActiveCfg = Debug|Any CPU
		{19A55CE8-60BA-465C-B12A-A4A4B7DAFC31}.Debug|Any CPU.Build.0 = Debug|Any CPU
		{19A55CE8-60BA-465C-B12A-A4A4B7DAFC31}.Release|Any CPU.ActiveCfg = Release|Any CPU
		{19A55CE8-60BA-465C-B12A-A4A4B7DAFC31}.Release|Any CPU.Build.0 = Release|Any CPU
		{276C8244-4E9E-4A9B-B665-AB5F03C2B5C8}.Debug|Any CPU.ActiveCfg = Debug|Any CPU
		{276C8244-4E9E-4A9B-B665-AB5F03C2B5C8}.Debug|Any CPU.Build.0 = Debug|Any CPU
		{276C8244-4E9E-4A9B-B665-AB5F03C2B5C8}.Release|Any CPU.ActiveCfg = Release|Any CPU
		{276C8244-4E9E-4A9B-B665-AB5F03C2B5C8}.Release|Any CPU.Build.0 = Release|Any CPU
		{5CF57A6A-C82D-4D1D-92A8-4F512C3602BE}.Debug|Any CPU.ActiveCfg = Debug|Any CPU
		{5CF57A6A-C82D-4D1D-92A8-4F512C3602BE}.Debug|Any CPU.Build.0 = Debug|Any CPU
		{5CF57A6A-C82D-4D1D-92A8-4F512C3602BE}.Release|Any CPU.ActiveCfg = Release|Any CPU
		{5CF57A6A-C82D-4D1D-92A8-4F512C3602BE}.Release|Any CPU.Build.0 = Release|Any CPU
		{58BF18FA-7463-48A9-AA6F-4FC0A30C37CF}.Debug|Any CPU.ActiveCfg = Debug|Any CPU
		{58BF18FA-7463-48A9-AA6F-4FC0A30C37CF}.Debug|Any CPU.Build.0 = Debug|Any CPU
		{58BF18FA-7463-48A9-AA6F-4FC0A30C37CF}.Release|Any CPU.ActiveCfg = Release|Any CPU
		{58BF18FA-7463-48A9-AA6F-4FC0A30C37CF}.Release|Any CPU.Build.0 = Release|Any CPU
		{FDA2A1ED-45D0-4AA6-8B82-572F9FD49629}.Debug|Any CPU.ActiveCfg = Debug|Any CPU
		{FDA2A1ED-45D0-4AA6-8B82-572F9FD49629}.Debug|Any CPU.Build.0 = Debug|Any CPU
		{FDA2A1ED-45D0-4AA6-8B82-572F9FD49629}.Release|Any CPU.ActiveCfg = Release|Any CPU
		{FDA2A1ED-45D0-4AA6-8B82-572F9FD49629}.Release|Any CPU.Build.0 = Release|Any CPU
	EndGlobalSection
	GlobalSection(SolutionProperties) = preSolution
		HideSolutionNode = FALSE
	EndGlobalSection
EndGlobal
